
Microsoft Visual Studio Solution File, Format Version 12.00
# Visual Studio Version 16
VisualStudioVersion = 16.0.30413.136
MinimumVisualStudioVersion = 10.0.40219.1
Project("{9A19103F-16F7-4668-BE54-9A1E7A4F7556}") = "QL4BIMinterpreter", "QL4BIMinterpreter\QL4BIMinterpreter.csproj", "{F63851A4-FC01-4509-814E-081556C9687F}"
EndProject
Project("{9A19103F-16F7-4668-BE54-9A1E7A4F7556}") = "QL4BIMindexing", "QL4BIMindexing\QL4BIMindexing.csproj", "{8BE32369-3F0C-4A85-BF72-963A8F564FE7}"
EndProject
Project("{9A19103F-16F7-4668-BE54-9A1E7A4F7556}") = "QL4BIMprimitives", "QL4BIMprimitives\QL4BIMprimitives.csproj", "{E310E1B1-2C62-42FD-BD1E-4FF53567BDC6}"
EndProject
Project("{9A19103F-16F7-4668-BE54-9A1E7A4F7556}") = "QL4BIMspatial", "QL4BIMspatial\QL4BIMspatial.csproj", "{46E7B29A-DF3C-4712-ABD5-796AA2576839}"
EndProject
Project("{FAE04EC0-301F-11D3-BF4B-00C04F79EFBC}") = "QL4BIM4server", "QL4BIMserver\QL4BIM4server.csproj", "{6EC32BB0-AA17-414A-A892-D37BE5CD0F8F}"
EndProject
Global
	GlobalSection(SolutionConfigurationPlatforms) = preSolution
		Debug|Any CPU = Debug|Any CPU
		Release|Any CPU = Release|Any CPU
	EndGlobalSection
	GlobalSection(ProjectConfigurationPlatforms) = postSolution
		{F63851A4-FC01-4509-814E-081556C9687F}.Debug|Any CPU.ActiveCfg = Debug|Any CPU
		{F63851A4-FC01-4509-814E-081556C9687F}.Debug|Any CPU.Build.0 = Debug|Any CPU
		{F63851A4-FC01-4509-814E-081556C9687F}.Release|Any CPU.ActiveCfg = Release|Any CPU
		{F63851A4-FC01-4509-814E-081556C9687F}.Release|Any CPU.Build.0 = Release|Any CPU
		{8BE32369-3F0C-4A85-BF72-963A8F564FE7}.Debug|Any CPU.ActiveCfg = Debug|Any CPU
		{8BE32369-3F0C-4A85-BF72-963A8F564FE7}.Debug|Any CPU.Build.0 = Debug|Any CPU
		{8BE32369-3F0C-4A85-BF72-963A8F564FE7}.Release|Any CPU.ActiveCfg = Release|Any CPU
		{8BE32369-3F0C-4A85-BF72-963A8F564FE7}.Release|Any CPU.Build.0 = Release|Any CPU
		{E310E1B1-2C62-42FD-BD1E-4FF53567BDC6}.Debug|Any CPU.ActiveCfg = Debug|Any CPU
		{E310E1B1-2C62-42FD-BD1E-4FF53567BDC6}.Debug|Any CPU.Build.0 = Debug|Any CPU
		{E310E1B1-2C62-42FD-BD1E-4FF53567BDC6}.Release|Any CPU.ActiveCfg = Release|Any CPU
		{E310E1B1-2C62-42FD-BD1E-4FF53567BDC6}.Release|Any CPU.Build.0 = Release|Any CPU
		{46E7B29A-DF3C-4712-ABD5-796AA2576839}.Debug|Any CPU.ActiveCfg = Debug|Any CPU
		{46E7B29A-DF3C-4712-ABD5-796AA2576839}.Debug|Any CPU.Build.0 = Debug|Any CPU
		{46E7B29A-DF3C-4712-ABD5-796AA2576839}.Release|Any CPU.ActiveCfg = Release|Any CPU
		{46E7B29A-DF3C-4712-ABD5-796AA2576839}.Release|Any CPU.Build.0 = Release|Any CPU
		{C7D37795-FA3B-495F-933C-F3A4ABAA60F1}.Debug|Any CPU.ActiveCfg = Debug|Any CPU
		{C7D37795-FA3B-495F-933C-F3A4ABAA60F1}.Debug|Any CPU.Build.0 = Debug|Any CPU
		{C7D37795-FA3B-495F-933C-F3A4ABAA60F1}.Release|Any CPU.ActiveCfg = Release|Any CPU
		{C7D37795-FA3B-495F-933C-F3A4ABAA60F1}.Release|Any CPU.Build.0 = Release|Any CPU
		{6EC32BB0-AA17-414A-A892-D37BE5CD0F8F}.Debug|Any CPU.ActiveCfg = Debug|Any CPU
		{6EC32BB0-AA17-414A-A892-D37BE5CD0F8F}.Debug|Any CPU.Build.0 = Debug|Any CPU
		{6EC32BB0-AA17-414A-A892-D37BE5CD0F8F}.Release|Any CPU.ActiveCfg = Release|Any CPU
		{6EC32BB0-AA17-414A-A892-D37BE5CD0F8F}.Release|Any CPU.Build.0 = Release|Any CPU
	EndGlobalSection
	GlobalSection(SolutionProperties) = preSolution
		HideSolutionNode = FALSE
	EndGlobalSection
	GlobalSection(ExtensibilityGlobals) = postSolution
		SolutionGuid = {E45AE106-9D6B-413B-8F4C-9349A7436775}
	EndGlobalSection
EndGlobal
